
Microsoft Visual Studio Solution File, Format Version 12.00
# Visual Studio Version 16
VisualStudioVersion = 16.0.30320.27
MinimumVisualStudioVersion = 10.0.40219.1
Project("{8BC9CEB8-8B4A-11D0-8D11-00A0C91BC942}") = "MemProcFS", "MemProcFS\MemProcFS.vcxproj", "{A9CE6DD1-A834-4FFD-A4C2-50D9D2F14BFD}"
	ProjectSection(ProjectDependencies) = postProject
		{6326FCE0-1BA5-4AEC-9973-7783309FFD6B} = {6326FCE0-1BA5-4AEC-9973-7783309FFD6B}
	EndProjectSection
EndProject
Project("{8BC9CEB8-8B4A-11D0-8D11-00A0C91BC942}") = "vmm", "vmm\vmm.vcxproj", "{6326FCE0-1BA5-4AEC-9973-7783309FFD6B}"
EndProject
Project("{8BC9CEB8-8B4A-11D0-8D11-00A0C91BC942}") = "m_vmemd", "m_vmemd\m_vmemd.vcxproj", "{BC6D11FF-3B1E-480E-A1AB-AAE5868FE9B3}"
	ProjectSection(ProjectDependencies) = postProject
		{6326FCE0-1BA5-4AEC-9973-7783309FFD6B} = {6326FCE0-1BA5-4AEC-9973-7783309FFD6B}
	EndProjectSection
EndProject
Project("{2150E333-8FDC-42A3-9474-1A3956D46DE8}") = "python", "python", "{50E46B01-0786-4222-B8C8-8D1612DA8A3B}"
	ProjectSection(SolutionItems) = preProject
		files\memprocfs.py = files\memprocfs.py
		files\memprocfs_example.py = files\memprocfs_example.py
		files\vmmpyplugin.py = files\vmmpyplugin.py
	EndProjectSection
EndProject
Project("{8BC9CEB8-8B4A-11D0-8D11-00A0C91BC942}") = "vmmpyc", "vmmpyc\vmmpyc.vcxproj", "{9E47796D-B834-470E-B437-0754BC14DF09}"
	ProjectSection(ProjectDependencies) = postProject
		{6326FCE0-1BA5-4AEC-9973-7783309FFD6B} = {6326FCE0-1BA5-4AEC-9973-7783309FFD6B}
	EndProjectSection
EndProject
Project("{8BC9CEB8-8B4A-11D0-8D11-00A0C91BC942}") = "vmm_example", "vmm_example\vmm_example.vcxproj", "{45CC506E-E97A-45B8-8050-B2C5BC8A4B15}"
	ProjectSection(ProjectDependencies) = postProject
		{6326FCE0-1BA5-4AEC-9973-7783309FFD6B} = {6326FCE0-1BA5-4AEC-9973-7783309FFD6B}
	EndProjectSection
EndProject
Project("{2150E333-8FDC-42A3-9474-1A3956D46DE8}") = "plugins.pym_procstruct", "plugins.pym_procstruct", "{7BEEEE90-F2CC-4ADD-BA8B-82599E3D1408}"
	ProjectSection(SolutionItems) = preProject
		files\plugins\pym_procstruct\__init__.py = files\plugins\pym_procstruct\__init__.py
		files\plugins\pym_procstruct\pym_procstruct.py = files\plugins\pym_procstruct\pym_procstruct.py
	EndProjectSection
EndProject
Project("{2150E333-8FDC-42A3-9474-1A3956D46DE8}") = "dissect.cstruct", "dissect.cstruct", "{A8B68178-FE06-42E2-80C9-2C936973B5FA}"
	ProjectSection(SolutionItems) = preProject
		files\dissect\cstruct\__init__.py = files\dissect\cstruct\__init__.py
		files\dissect\cstruct\cstruct.py = files\dissect\cstruct\cstruct.py
	EndProjectSection
EndProject
Project("{8BC9CEB8-8B4A-11D0-8D11-00A0C91BC942}") = "leechcore", "..\LeechCore\leechcore\leechcore.vcxproj", "{3476ABD2-5DEA-43E6-A676-8BE25F74535A}"
EndProject
Project("{FAE04EC0-301F-11D3-BF4B-00C04F79EFBC}") = "vmmsharp", "vmmsharp\vmmsharp.csproj", "{3CDF36DD-2B04-4876-B4BF-29FED2386E6A}"
EndProject
Project("{2150E333-8FDC-42A3-9474-1A3956D46DE8}") = "memprocfs_fuse", "memprocfs_fuse", "{D0F044E6-B1D4-4DCC-AA61-B6248A20E051}"
	ProjectSection(SolutionItems) = preProject
		memprocfs_fuse\charutil.c = memprocfs_fuse\charutil.c
		memprocfs_fuse\charutil.h = memprocfs_fuse\charutil.h
		memprocfs_fuse\Makefile = memprocfs_fuse\Makefile
		memprocfs_fuse\memprocfs.c = memprocfs_fuse\memprocfs.c
		memprocfs_fuse\oscompatibility.c = memprocfs_fuse\oscompatibility.c
		memprocfs_fuse\oscompatibility.h = memprocfs_fuse\oscompatibility.h
		memprocfs_fuse\version.h = memprocfs_fuse\version.h
		memprocfs_fuse\vfs.h = memprocfs_fuse\vfs.h
		memprocfs_fuse\vfsfuse.c = memprocfs_fuse\vfsfuse.c
		memprocfs_fuse\vfslist.c = memprocfs_fuse\vfslist.c
	EndProjectSection
EndProject
Project("{2150E333-8FDC-42A3-9474-1A3956D46DE8}") = "ob", "ob", "{7F301DE8-002D-42B9-A1A8-F9F533A009D0}"
	ProjectSection(SolutionItems) = preProject
		memprocfs_fuse\ob\ob.h = memprocfs_fuse\ob\ob.h
		memprocfs_fuse\ob\ob_cachemap.c = memprocfs_fuse\ob\ob_cachemap.c
		memprocfs_fuse\ob\ob_core.c = memprocfs_fuse\ob\ob_core.c
		memprocfs_fuse\ob\ob_map.c = memprocfs_fuse\ob\ob_map.c
		memprocfs_fuse\ob\ob_set.c = memprocfs_fuse\ob\ob_set.c
	EndProjectSection
EndProject
Global
	GlobalSection(SolutionConfigurationPlatforms) = preSolution
		Debug|x64 = Debug|x64
		Debug|x86 = Debug|x86
		Release|x64 = Release|x64
		Release|x86 = Release|x86
	EndGlobalSection
	GlobalSection(ProjectConfigurationPlatforms) = postSolution
		{A9CE6DD1-A834-4FFD-A4C2-50D9D2F14BFD}.Debug|x64.ActiveCfg = Debug|x64
		{A9CE6DD1-A834-4FFD-A4C2-50D9D2F14BFD}.Debug|x64.Build.0 = Debug|x64
		{A9CE6DD1-A834-4FFD-A4C2-50D9D2F14BFD}.Debug|x86.ActiveCfg = Debug|x64
		{A9CE6DD1-A834-4FFD-A4C2-50D9D2F14BFD}.Release|x64.ActiveCfg = Release|x64
		{A9CE6DD1-A834-4FFD-A4C2-50D9D2F14BFD}.Release|x64.Build.0 = Release|x64
		{A9CE6DD1-A834-4FFD-A4C2-50D9D2F14BFD}.Release|x86.ActiveCfg = Release|x64
		{6326FCE0-1BA5-4AEC-9973-7783309FFD6B}.Debug|x64.ActiveCfg = Debug|x64
		{6326FCE0-1BA5-4AEC-9973-7783309FFD6B}.Debug|x64.Build.0 = Debug|x64
		{6326FCE0-1BA5-4AEC-9973-7783309FFD6B}.Debug|x86.ActiveCfg = Debug|x64
		{6326FCE0-1BA5-4AEC-9973-7783309FFD6B}.Release|x64.ActiveCfg = Release|x64
		{6326FCE0-1BA5-4AEC-9973-7783309FFD6B}.Release|x64.Build.0 = Release|x64
		{6326FCE0-1BA5-4AEC-9973-7783309FFD6B}.Release|x86.ActiveCfg = Release|x64
		{BC6D11FF-3B1E-480E-A1AB-AAE5868FE9B3}.Debug|x64.ActiveCfg = Debug|x64
		{BC6D11FF-3B1E-480E-A1AB-AAE5868FE9B3}.Debug|x64.Build.0 = Debug|x64
		{BC6D11FF-3B1E-480E-A1AB-AAE5868FE9B3}.Debug|x86.ActiveCfg = Debug|x64
		{BC6D11FF-3B1E-480E-A1AB-AAE5868FE9B3}.Release|x64.ActiveCfg = Release|x64
		{BC6D11FF-3B1E-480E-A1AB-AAE5868FE9B3}.Release|x64.Build.0 = Release|x64
		{BC6D11FF-3B1E-480E-A1AB-AAE5868FE9B3}.Release|x86.ActiveCfg = Release|x64
		{9E47796D-B834-470E-B437-0754BC14DF09}.Debug|x64.ActiveCfg = Debug|x64
		{9E47796D-B834-470E-B437-0754BC14DF09}.Debug|x64.Build.0 = Debug|x64
		{9E47796D-B834-470E-B437-0754BC14DF09}.Debug|x86.ActiveCfg = Debug|x64
		{9E47796D-B834-470E-B437-0754BC14DF09}.Release|x64.ActiveCfg = Release|x64
		{9E47796D-B834-470E-B437-0754BC14DF09}.Release|x64.Build.0 = Release|x64
		{9E47796D-B834-470E-B437-0754BC14DF09}.Release|x86.ActiveCfg = Release|x64
		{45CC506E-E97A-45B8-8050-B2C5BC8A4B15}.Debug|x64.ActiveCfg = Debug|x64
		{45CC506E-E97A-45B8-8050-B2C5BC8A4B15}.Debug|x64.Build.0 = Debug|x64
		{45CC506E-E97A-45B8-8050-B2C5BC8A4B15}.Debug|x86.ActiveCfg = Debug|x64
		{45CC506E-E97A-45B8-8050-B2C5BC8A4B15}.Release|x64.ActiveCfg = Release|x64
		{45CC506E-E97A-45B8-8050-B2C5BC8A4B15}.Release|x64.Build.0 = Release|x64
		{45CC506E-E97A-45B8-8050-B2C5BC8A4B15}.Release|x86.ActiveCfg = Release|x64
		{3476ABD2-5DEA-43E6-A676-8BE25F74535A}.Debug|x64.ActiveCfg = Debug|x64
		{3476ABD2-5DEA-43E6-A676-8BE25F74535A}.Debug|x64.Build.0 = Debug|x64
		{3476ABD2-5DEA-43E6-A676-8BE25F74535A}.Debug|x86.ActiveCfg = Debug|Win32
		{3476ABD2-5DEA-43E6-A676-8BE25F74535A}.Debug|x86.Build.0 = Debug|Win32
		{3476ABD2-5DEA-43E6-A676-8BE25F74535A}.Release|x64.ActiveCfg = Release|x64
		{3476ABD2-5DEA-43E6-A676-8BE25F74535A}.Release|x64.Build.0 = Release|x64
		{3476ABD2-5DEA-43E6-A676-8BE25F74535A}.Release|x86.ActiveCfg = Release|Win32
		{3476ABD2-5DEA-43E6-A676-8BE25F74535A}.Release|x86.Build.0 = Release|Win32
		{3CDF36DD-2B04-4876-B4BF-29FED2386E6A}.Debug|x64.ActiveCfg = Debug|x64
		{3CDF36DD-2B04-4876-B4BF-29FED2386E6A}.Debug|x86.ActiveCfg = Debug|x64
		{3CDF36DD-2B04-4876-B4BF-29FED2386E6A}.Release|x64.ActiveCfg = Release|x64
		{3CDF36DD-2B04-4876-B4BF-29FED2386E6A}.Release|x86.ActiveCfg = Release|x64
	EndGlobalSection
	GlobalSection(SolutionProperties) = preSolution
		HideSolutionNode = FALSE
	EndGlobalSection
	GlobalSection(NestedProjects) = preSolution
		{7BEEEE90-F2CC-4ADD-BA8B-82599E3D1408} = {50E46B01-0786-4222-B8C8-8D1612DA8A3B}
		{A8B68178-FE06-42E2-80C9-2C936973B5FA} = {50E46B01-0786-4222-B8C8-8D1612DA8A3B}
		{7F301DE8-002D-42B9-A1A8-F9F533A009D0} = {D0F044E6-B1D4-4DCC-AA61-B6248A20E051}
	EndGlobalSection
	GlobalSection(ExtensibilityGlobals) = postSolution
		SolutionGuid = {CE6C3AA7-477A-4329-B4E3-5F219ACF4063}
	EndGlobalSection
EndGlobal
