<?xml version="1.0" encoding="utf-8"?>
<Project ToolsVersion="4.0" xmlns="http://schemas.microsoft.com/developer/msbuild/2003">
  <ItemGroup>
    <Filter Include="Source Files">
      <UniqueIdentifier>{4FC737F1-C7A5-4376-A066-2A32D752A2FF}</UniqueIdentifier>
      <Extensions>cpp;c;cc;cxx;def;odl;idl;hpj;bat;asm;asmx</Extensions>
    </Filter>
    <Filter Include="Header Files">
      <UniqueIdentifier>{93995380-89BD-4b04-88EB-625FBE52EBFB}</UniqueIdentifier>
      <Extensions>h;hh;hpp;hxx;hm;inl;inc;ipp;xsd</Extensions>
    </Filter>
    <Filter Include="Resource Files">
      <UniqueIdentifier>{67DA6AB6-F800-4c08-8B7A-83BB121AAD01}</UniqueIdentifier>
      <Extensions>rc;ico;cur;bmp;dlg;rc2;rct;bin;rgs;gif;jpg;jpeg;jpe;resx;tiff;tif;png;wav;mfcribbon-ms</Extensions>
    </Filter>
    <Filter Include="Header Files\dokan">
      <UniqueIdentifier>{3df63be8-ffcd-417a-a1f9-c8d774863692}</UniqueIdentifier>
    </Filter>
    <Filter Include="Header Files\vmm">
      <UniqueIdentifier>{ef93cbf4-5326-46d3-a5e0-6fb6d61d08f0}</UniqueIdentifier>
    </Filter>
    <Filter Include="Header Files\leechcore">
      <UniqueIdentifier>{5c8e3ce6-1d2e-46ff-b5a6-a928f4c1569f}</UniqueIdentifier>
    </Filter>
  </ItemGroup>
  <ItemGroup>
    <ClCompile Include="memprocfs.c">
      <Filter>Source Files</Filter>
    </ClCompile>
    <ClCompile Include="vfs.c">
      <Filter>Source Files</Filter>
    </ClCompile>
  </ItemGroup>
  <ItemGroup>
    <ClInclude Include="vfs.h">
      <Filter>Header Files</Filter>
    </ClInclude>
    <ClInclude Include="dokan.h">
      <Filter>Header Files\dokan</Filter>
    </ClInclude>
    <ClInclude Include="fileinfo.h">
      <Filter>Header Files\dokan</Filter>
    </ClInclude>
    <ClInclude Include="public.h">
      <Filter>Header Files\dokan</Filter>
    </ClInclude>
    <ClInclude Include="vmmdll.h">
      <Filter>Header Files\vmm</Filter>
    </ClInclude>
    <ClInclude Include="leechcore.h">
      <Filter>Header Files\leechcore</Filter>
    </ClInclude>
    <ClInclude Include="version.h">
      <Filter>Header Files</Filter>
    </ClInclude>
  </ItemGroup>
  <ItemGroup>
    <ResourceCompile Include="MemProcFS.rc">
      <Filter>Resource Files</Filter>
    </ResourceCompile>
  </ItemGroup>
</Project>