<?xml version="1.0" encoding="utf-8"?>
<Project ToolsVersion="4.0" xmlns="http://schemas.microsoft.com/developer/msbuild/2003">
  <ItemGroup>
    <Filter Include="Source Files">
      <UniqueIdentifier>{4FC737F1-C7A5-4376-A066-2A32D752A2FF}</UniqueIdentifier>
      <Extensions>cpp;c;cc;cxx;def;odl;idl;hpj;bat;asm;asmx</Extensions>
    </Filter>
    <Filter Include="Header Files">
      <UniqueIdentifier>{93995380-89BD-4b04-88EB-625FBE52EBFB}</UniqueIdentifier>
      <Extensions>h;hh;hpp;hxx;hm;inl;inc;ipp;xsd</Extensions>
    </Filter>
    <Filter Include="Resource Files">
      <UniqueIdentifier>{67DA6AB6-F800-4c08-8B7A-83BB121AAD01}</UniqueIdentifier>
      <Extensions>rc;ico;cur;bmp;dlg;rc2;rct;bin;rgs;gif;jpg;jpeg;jpe;resx;tiff;tif;png;wav;mfcribbon-ms</Extensions>
    </Filter>
    <Filter Include="Header Files\leechcore">
      <UniqueIdentifier>{aedb4365-6f4c-4a1b-b130-a1d3adc27bf6}</UniqueIdentifier>
    </Filter>
  </ItemGroup>
  <ItemGroup>
    <ClInclude Include="vmmdll.h">
      <Filter>Header Files</Filter>
    </ClInclude>
    <ClInclude Include="statistics.h">
      <Filter>Header Files</Filter>
    </ClInclude>
    <ClInclude Include="util.h">
      <Filter>Header Files</Filter>
    </ClInclude>
    <ClInclude Include="vmm.h">
      <Filter>Header Files</Filter>
    </ClInclude>
    <ClInclude Include="vmmproc.h">
      <Filter>Header Files</Filter>
    </ClInclude>
    <ClInclude Include="vmmvfs.h">
      <Filter>Header Files</Filter>
    </ClInclude>
    <ClInclude Include="pluginmanager.h">
      <Filter>Header Files</Filter>
    </ClInclude>
    <ClInclude Include="m_ldrmodules.h">
      <Filter>Header Files</Filter>
    </ClInclude>
    <ClInclude Include="m_status.h">
      <Filter>Header Files</Filter>
    </ClInclude>
    <ClInclude Include="m_virt2phys.h">
      <Filter>Header Files</Filter>
    </ClInclude>
    <ClInclude Include="mm_x64.h">
      <Filter>Header Files</Filter>
    </ClInclude>
    <ClInclude Include="mm_x86.h">
      <Filter>Header Files</Filter>
    </ClInclude>
    <ClInclude Include="mm_x86pae.h">
      <Filter>Header Files</Filter>
    </ClInclude>
    <ClInclude Include="pe.h">
      <Filter>Header Files</Filter>
    </ClInclude>
    <ClInclude Include="vmmwin.h">
      <Filter>Header Files</Filter>
    </ClInclude>
    <ClInclude Include="vmmwininit.h">
      <Filter>Header Files</Filter>
    </ClInclude>
    <ClInclude Include="leechcore.h">
      <Filter>Header Files\leechcore</Filter>
    </ClInclude>
    <ClInclude Include="resource.h">
      <Filter>Header Files</Filter>
    </ClInclude>
    <ClInclude Include="version.h">
      <Filter>Header Files</Filter>
    </ClInclude>
    <ClInclude Include="mm_x64_winpaged.h">
      <Filter>Header Files</Filter>
    </ClInclude>
    <ClInclude Include="m_pedump.h">
      <Filter>Header Files</Filter>
    </ClInclude>
  </ItemGroup>
  <ItemGroup>
    <ClCompile Include="vmmdll.c">
      <Filter>Source Files</Filter>
    </ClCompile>
    <ClCompile Include="statistics.c">
      <Filter>Source Files</Filter>
    </ClCompile>
    <ClCompile Include="util.c">
      <Filter>Source Files</Filter>
    </ClCompile>
    <ClCompile Include="vmm.c">
      <Filter>Source Files</Filter>
    </ClCompile>
    <ClCompile Include="vmmproc.c">
      <Filter>Source Files</Filter>
    </ClCompile>
    <ClCompile Include="vmmvfs.c">
      <Filter>Source Files</Filter>
    </ClCompile>
    <ClCompile Include="m_virt2phys.c">
      <Filter>Source Files</Filter>
    </ClCompile>
    <ClCompile Include="m_ldrmodules.c">
      <Filter>Source Files</Filter>
    </ClCompile>
    <ClCompile Include="m_status.c">
      <Filter>Source Files</Filter>
    </ClCompile>
    <ClCompile Include="pluginmanager.c">
      <Filter>Source Files</Filter>
    </ClCompile>
    <ClCompile Include="mm_x64.c">
      <Filter>Source Files</Filter>
    </ClCompile>
    <ClCompile Include="mm_x86.c">
      <Filter>Source Files</Filter>
    </ClCompile>
    <ClCompile Include="mm_x86pae.c">
      <Filter>Source Files</Filter>
    </ClCompile>
    <ClCompile Include="pe.c">
      <Filter>Source Files</Filter>
    </ClCompile>
    <ClCompile Include="vmmwin.c">
      <Filter>Source Files</Filter>
    </ClCompile>
    <ClCompile Include="vmmwininit.c">
      <Filter>Source Files</Filter>
    </ClCompile>
    <ClCompile Include="mm_x64_winpaged.c">
      <Filter>Source Files</Filter>
    </ClCompile>
    <ClCompile Include="m_pedump.c">
      <Filter>Source Files</Filter>
    </ClCompile>
  </ItemGroup>
  <ItemGroup>
    <None Include="vmmdll.def">
      <Filter>Resource Files</Filter>
    </None>
  </ItemGroup>
  <ItemGroup>
    <ResourceCompile Include="vmm.rc">
      <Filter>Resource Files</Filter>
    </ResourceCompile>
  </ItemGroup>
</Project>